{
  "name": "functions",
  "version": "1.0.0",
  "lockfileVersion": 3,
  "requires": true,
  "packages": {
    "": {
      "name": "functions",
      "version": "1.0.0",
      "license": "ISC",
      "dependencies": {
        "data-api-client": "^1.3.0"
      },
      "devDependencies": {
        "@types/data-api-client": "^1.2.7"
      }
    },
    "node_modules/@types/aws-sdk2-types": {
      "version": "0.0.0",
      "resolved": "https://registry.npmjs.org/@types/aws-sdk2-types/-/aws-sdk2-types-0.0.0.tgz",
      "integrity": "sha512-GnEDlad7O4gu140g8Y0r5clvav/uoSOksxToXANj0UmqMfVcS2hIcJ6RryWvBrwXXPyyPa7xTW9otdiDSkH0DQ==",
      "dev": true,
      "dependencies": {
        "@types/node": "*"
      }
    },
    "node_modules/@types/data-api-client": {
      "version": "1.2.7",
      "resolved": "https://registry.npmjs.org/@types/data-api-client/-/data-api-client-1.2.7.tgz",
      "integrity": "sha512-bnbzZW6nFsSInS0hBVP/Kkt3tPgLdiuK83WOrQITjE+3lJ4I0/VhO/To992dCv8CtBzLRPsKuBr4qZUqSB3msg==",
      "dev": true,
      "dependencies": {
        "@types/aws-sdk2-types": "*",
        "@types/node": "*"
      }
    },
    "node_modules/@types/node": {
      "version": "20.2.1",
      "resolved": "https://registry.npmjs.org/@types/node/-/node-20.2.1.tgz",
      "integrity": "sha512-DqJociPbZP1lbZ5SQPk4oag6W7AyaGMO6gSfRwq3PWl4PXTwJpRQJhDq4W0kzrg3w6tJ1SwlvGZ5uKFHY13LIg==",
      "dev": true
    },
    "node_modules/data-api-client": {
      "version": "1.3.0",
      "resolved": "https://registry.npmjs.org/data-api-client/-/data-api-client-1.3.0.tgz",
      "integrity": "sha512-+Q+lChhl5PBogsB7nO/VZFF3X0WJe8y93dyft50HIg2Bg+c765wM/sXkfBz5pjmGoRESkB/GLesQJLTMBbK4dQ==",
      "dependencies": {
        "sqlstring": "^2.3.2"
      }
    },
    "node_modules/sqlstring": {
      "version": "2.3.3",
      "resolved": "https://registry.npmjs.org/sqlstring/-/sqlstring-2.3.3.tgz",
      "integrity": "sha512-qC9iz2FlN7DQl3+wjwn3802RTyjCx7sDvfQEXchwa6CWOx07/WVfh91gBmQ9fahw8snwGEWU3xGzOt4tFyHLxg==",
      "engines": {
        "node": ">= 0.6"
      }
    }
  }
}
